
Microsoft Visual Studio Solution File, Format Version 12.00
# Visual Studio Version 16
VisualStudioVersion = 16.0.35325.158
MinimumVisualStudioVersion = 10.0.40219.1
Project("{8BC9CEB8-8B4A-11D0-8D11-00A0C91BC942}") = "QQ-Bombing-tool", "QQ-Bombing-tool.vcxproj", "{4D89EFF7-9677-43F6-B1EC-4177D31246F9}"
EndProject
Global
	GlobalSection(SolutionConfigurationPlatforms) = preSolution
		Debug|x64 = Debug|x64
		Debug|x86 = Debug|x86
		Release|x64 = Release|x64
		Release|x86 = Release|x86
	EndGlobalSection
	GlobalSection(ProjectConfigurationPlatforms) = postSolution
		{4D89EFF7-9677-43F6-B1EC-4177D31246F9}.Debug|x64.ActiveCfg = Debug|x64
		{4D89EFF7-9677-43F6-B1EC-4177D31246F9}.Debug|x64.Build.0 = Debug|x64
		{4D89EFF7-9677-43F6-B1EC-4177D31246F9}.Debug|x86.ActiveCfg = Debug|Win32
		{4D89EFF7-9677-43F6-B1EC-4177D31246F9}.Debug|x86.Build.0 = Debug|Win32
		{4D89EFF7-9677-43F6-B1EC-4177D31246F9}.Release|x64.ActiveCfg = Release|x64
		{4D89EFF7-9677-43F6-B1EC-4177D31246F9}.Release|x64.Build.0 = Release|x64
		{4D89EFF7-9677-43F6-B1EC-4177D31246F9}.Release|x86.ActiveCfg = Release|Win32
		{4D89EFF7-9677-43F6-B1EC-4177D31246F9}.Release|x86.Build.0 = Release|Win32
	EndGlobalSection
	GlobalSection(SolutionProperties) = preSolution
		HideSolutionNode = FALSE
	EndGlobalSection
	GlobalSection(ExtensibilityGlobals) = postSolution
		SolutionGuid = {2247F08B-70DA-45D3-B0AE-4D272F924CED}
	EndGlobalSection
EndGlobal
